// !$*UTF8*$!
{
	archiveVersion = 1;
	classes = {
	};
	objectVersion = 46;
	objects = {

/* Begin PBXBuildFile section */
		8B2940D01DF1D463004126DC /* AppDelegate.swift in Sources */ = {isa = PBXBuildFile; fileRef = 8B2940CF1DF1D463004126DC /* AppDelegate.swift */; };
		8B2940D21DF1D463004126DC /* FirstViewController.swift in Sources */ = {isa = PBXBuildFile; fileRef = 8B2940D11DF1D463004126DC /* FirstViewController.swift */; };
		8B2940D41DF1D463004126DC /* SecondViewController.swift in Sources */ = {isa = PBXBuildFile; fileRef = 8B2940D31DF1D463004126DC /* SecondViewController.swift */; };
		8B2940D71DF1D463004126DC /* Main.storyboard in Resources */ = {isa = PBXBuildFile; fileRef = 8B2940D51DF1D463004126DC /* Main.storyboard */; };
		8B2940D91DF1D463004126DC /* Assets.xcassets in Resources */ = {isa = PBXBuildFile; fileRef = 8B2940D81DF1D463004126DC /* Assets.xcassets */; };
		8B2940DC1DF1D463004126DC /* LaunchScreen.storyboard in Resources */ = {isa = PBXBuildFile; fileRef = 8B2940DA1DF1D463004126DC /* LaunchScreen.storyboard */; };
		8B2940E71DF1D463004126DC /* GoTeamTests.swift in Sources */ = {isa = PBXBuildFile; fileRef = 8B2940E61DF1D463004126DC /* GoTeamTests.swift */; };
		8B2940F21DF1D463004126DC /* GoTeamUITests.swift in Sources */ = {isa = PBXBuildFile; fileRef = 8B2940F11DF1D463004126DC /* GoTeamUITests.swift */; };
/* End PBXBuildFile section */

/* Begin PBXContainerItemProxy section */
		8B2940E31DF1D463004126DC /* PBXContainerItemProxy */ = {
			isa = PBXContainerItemProxy;
			containerPortal = 8B2940C41DF1D463004126DC /* Project object */;
			proxyType = 1;
			remoteGlobalIDString = 8B2940CB1DF1D463004126DC;
			remoteInfo = GoTeam;
		};
		8B2940EE1DF1D463004126DC /* PBXContainerItemProxy */ = {
			isa = PBXContainerItemProxy;
			containerPortal = 8B2940C41DF1D463004126DC /* Project object */;
			proxyType = 1;
			remoteGlobalIDString = 8B2940CB1DF1D463004126DC;
			remoteInfo = GoTeam;
		};
/* End PBXContainerItemProxy section */

/* Begin PBXFileReference section */
		8B2940CC1DF1D463004126DC /* GoTeam.app */ = {isa = PBXFileReference; explicitFileType = wrapper.application; includeInIndex = 0; path = GoTeam.app; sourceTree = BUILT_PRODUCTS_DIR; };
		8B2940CF1DF1D463004126DC /* AppDelegate.swift */ = {isa = PBXFileReference; lastKnownFileType = sourcecode.swift; path = AppDelegate.swift; sourceTree = "<group>"; };
		8B2940D11DF1D463004126DC /* FirstViewController.swift */ = {isa = PBXFileReference; lastKnownFileType = sourcecode.swift; path = FirstViewController.swift; sourceTree = "<group>"; };
		8B2940D31DF1D463004126DC /* SecondViewController.swift */ = {isa = PBXFileReference; lastKnownFileType = sourcecode.swift; path = SecondViewController.swift; sourceTree = "<group>"; };
		8B2940D61DF1D463004126DC /* Base */ = {isa = PBXFileReference; lastKnownFileType = file.storyboard; name = Base; path = Base.lproj/Main.storyboard; sourceTree = "<group>"; };
		8B2940D81DF1D463004126DC /* Assets.xcassets */ = {isa = PBXFileReference; lastKnownFileType = folder.assetcatalog; path = Assets.xcassets; sourceTree = "<group>"; };
		8B2940DB1DF1D463004126DC /* Base */ = {isa = PBXFileReference; lastKnownFileType = file.storyboard; name = Base; path = Base.lproj/LaunchScreen.storyboard; sourceTree = "<group>"; };
		8B2940DD1DF1D463004126DC /* Info.plist */ = {isa = PBXFileReference; lastKnownFileType = text.plist.xml; path = Info.plist; sourceTree = "<group>"; };
		8B2940E21DF1D463004126DC /* GoTeamTests.xctest */ = {isa = PBXFileReference; explicitFileType = wrapper.cfbundle; includeInIndex = 0; path = GoTeamTests.xctest; sourceTree = BUILT_PRODUCTS_DIR; };
		8B2940E61DF1D463004126DC /* GoTeamTests.swift */ = {isa = PBXFileReference; lastKnownFileType = sourcecode.swift; path = GoTeamTests.swift; sourceTree = "<group>"; };
		8B2940E81DF1D463004126DC /* Info.plist */ = {isa = PBXFileReference; lastKnownFileType = text.plist.xml; path = Info.plist; sourceTree = "<group>"; };
		8B2940ED1DF1D463004126DC /* GoTeamUITests.xctest */ = {isa = PBXFileReference; explicitFileType = wrapper.cfbundle; includeInIndex = 0; path = GoTeamUITests.xctest; sourceTree = BUILT_PRODUCTS_DIR; };
		8B2940F11DF1D463004126DC /* GoTeamUITests.swift */ = {isa = PBXFileReference; lastKnownFileType = sourcecode.swift; path = GoTeamUITests.swift; sourceTree = "<group>"; };
		8B2940F31DF1D463004126DC /* Info.plist */ = {isa = PBXFileReference; lastKnownFileType = text.plist.xml; path = Info.plist; sourceTree = "<group>"; };
/* End PBXFileReference section */

/* Begin PBXFrameworksBuildPhase section */
		8B2940C91DF1D463004126DC /* Frameworks */ = {
			isa = PBXFrameworksBuildPhase;
			buildActionMask = 2147483647;
			files = (
			);
			runOnlyForDeploymentPostprocessing = 0;
		};
		8B2940DF1DF1D463004126DC /* Frameworks */ = {
			isa = PBXFrameworksBuildPhase;
			buildActionMask = 2147483647;
			files = (
			);
			runOnlyForDeploymentPostprocessing = 0;
		};
		8B2940EA1DF1D463004126DC /* Frameworks */ = {
			isa = PBXFrameworksBuildPhase;
			buildActionMask = 2147483647;
			files = (
			);
			runOnlyForDeploymentPostprocessing = 0;
		};
/* End PBXFrameworksBuildPhase section */

/* Begin PBXGroup section */
		8B2940C31DF1D463004126DC = {
			isa = PBXGroup;
			children = (
				8B2940CE1DF1D463004126DC /* GoTeam */,
				8B2940E51DF1D463004126DC /* GoTeamTests */,
				8B2940F01DF1D463004126DC /* GoTeamUITests */,
				8B2940CD1DF1D463004126DC /* Products */,
			);
			sourceTree = "<group>";
		};
		8B2940CD1DF1D463004126DC /* Products */ = {
			isa = PBXGroup;
			children = (
				8B2940CC1DF1D463004126DC /* GoTeam.app */,
				8B2940E21DF1D463004126DC /* GoTeamTests.xctest */,
				8B2940ED1DF1D463004126DC /* GoTeamUITests.xctest */,
			);
			name = Products;
			sourceTree = "<group>";
		};
		8B2940CE1DF1D463004126DC /* GoTeam */ = {
			isa = PBXGroup;
			children = (
				8B2940CF1DF1D463004126DC /* AppDelegate.swift */,
				8B2940D11DF1D463004126DC /* FirstViewController.swift */,
				8B2940D31DF1D463004126DC /* SecondViewController.swift */,
				8B2940D51DF1D463004126DC /* Main.storyboard */,
				8B2940D81DF1D463004126DC /* Assets.xcassets */,
				8B2940DA1DF1D463004126DC /* LaunchScreen.storyboard */,
				8B2940DD1DF1D463004126DC /* Info.plist */,
			);
			path = GoTeam;
			sourceTree = "<group>";
		};
		8B2940E51DF1D463004126DC /* GoTeamTests */ = {
			isa = PBXGroup;
			children = (
				8B2940E61DF1D463004126DC /* GoTeamTests.swift */,
				8B2940E81DF1D463004126DC /* Info.plist */,
			);
			path = GoTeamTests;
			sourceTree = "<group>";
		};
		8B2940F01DF1D463004126DC /* GoTeamUITests */ = {
			isa = PBXGroup;
			children = (
				8B2940F11DF1D463004126DC /* GoTeamUITests.swift */,
				8B2940F31DF1D463004126DC /* Info.plist */,
			);
			path = GoTeamUITests;
			sourceTree = "<group>";
		};
/* End PBXGroup section */

/* Begin PBXNativeTarget section */
		8B2940CB1DF1D463004126DC /* GoTeam */ = {
			isa = PBXNativeTarget;
			buildConfigurationList = 8B2940F61DF1D463004126DC /* Build configuration list for PBXNativeTarget "GoTeam" */;
			buildPhases = (
				8B2940C81DF1D463004126DC /* Sources */,
				8B2940C91DF1D463004126DC /* Frameworks */,
				8B2940CA1DF1D463004126DC /* Resources */,
			);
			buildRules = (
			);
			dependencies = (
			);
			name = GoTeam;
			productName = GoTeam;
			productReference = 8B2940CC1DF1D463004126DC /* GoTeam.app */;
			productType = "com.apple.product-type.application";
		};
		8B2940E11DF1D463004126DC /* GoTeamTests */ = {
			isa = PBXNativeTarget;
			buildConfigurationList = 8B2940F91DF1D463004126DC /* Build configuration list for PBXNativeTarget "GoTeamTests" */;
			buildPhases = (
				8B2940DE1DF1D463004126DC /* Sources */,
				8B2940DF1DF1D463004126DC /* Frameworks */,
				8B2940E01DF1D463004126DC /* Resources */,
			);
			buildRules = (
			);
			dependencies = (
				8B2940E41DF1D463004126DC /* PBXTargetDependency */,
			);
			name = GoTeamTests;
			productName = GoTeamTests;
			productReference = 8B2940E21DF1D463004126DC /* GoTeamTests.xctest */;
			productType = "com.apple.product-type.bundle.unit-test";
		};
		8B2940EC1DF1D463004126DC /* GoTeamUITests */ = {
			isa = PBXNativeTarget;
			buildConfigurationList = 8B2940FC1DF1D463004126DC /* Build configuration list for PBXNativeTarget "GoTeamUITests" */;
			buildPhases = (
				8B2940E91DF1D463004126DC /* Sources */,
				8B2940EA1DF1D463004126DC /* Frameworks */,
				8B2940EB1DF1D463004126DC /* Resources */,
			);
			buildRules = (
			);
			dependencies = (
				8B2940EF1DF1D463004126DC /* PBXTargetDependency */,
			);
			name = GoTeamUITests;
			productName = GoTeamUITests;
			productReference = 8B2940ED1DF1D463004126DC /* GoTeamUITests.xctest */;
			productType = "com.apple.product-type.bundle.ui-testing";
		};
/* End PBXNativeTarget section */

/* Begin PBXProject section */
		8B2940C41DF1D463004126DC /* Project object */ = {
			isa = PBXProject;
			attributes = {
				LastSwiftUpdateCheck = 0810;
				LastUpgradeCheck = 0810;
				ORGANIZATIONNAME = BuffTeks;
				TargetAttributes = {
					8B2940CB1DF1D463004126DC = {
						CreatedOnToolsVersion = 8.1;
						DevelopmentTeam = TLZS7VN555;
						ProvisioningStyle = Automatic;
					};
					8B2940E11DF1D463004126DC = {
						CreatedOnToolsVersion = 8.1;
						DevelopmentTeam = TLZS7VN555;
						ProvisioningStyle = Automatic;
						TestTargetID = 8B2940CB1DF1D463004126DC;
					};
					8B2940EC1DF1D463004126DC = {
						CreatedOnToolsVersion = 8.1;
						DevelopmentTeam = TLZS7VN555;
						ProvisioningStyle = Automatic;
						TestTargetID = 8B2940CB1DF1D463004126DC;
					};
				};
			};
			buildConfigurationList = 8B2940C71DF1D463004126DC /* Build configuration list for PBXProject "GoTeam" */;
			compatibilityVersion = "Xcode 3.2";
			developmentRegion = English;
			hasScannedForEncodings = 0;
			knownRegions = (
				en,
				Base,
			);
			mainGroup = 8B2940C31DF1D463004126DC;
			productRefGroup = 8B2940CD1DF1D463004126DC /* Products */;
			projectDirPath = "";
			projectRoot = "";
			targets = (
				8B2940CB1DF1D463004126DC /* GoTeam */,
				8B2940E11DF1D463004126DC /* GoTeamTests */,
				8B2940EC1DF1D463004126DC /* GoTeamUITests */,
			);
		};
/* End PBXProject section */

/* Begin PBXResourcesBuildPhase section */
		8B2940CA1DF1D463004126DC /* Resources */ = {
			isa = PBXResourcesBuildPhase;
			buildActionMask = 2147483647;
			files = (
				8B2940DC1DF1D463004126DC /* LaunchScreen.storyboard in Resources */,
				8B2940D91DF1D463004126DC /* Assets.xcassets in Resources */,
				8B2940D71DF1D463004126DC /* Main.storyboard in Resources */,
			);
			runOnlyForDeploymentPostprocessing = 0;
		};
		8B2940E01DF1D463004126DC /* Resources */ = {
			isa = PBXResourcesBuildPhase;
			buildActionMask = 2147483647;
			files = (
			);
			runOnlyForDeploymentPostprocessing = 0;
		};
		8B2940EB1DF1D463004126DC /* Resources */ = {
			isa = PBXResourcesBuildPhase;
			buildActionMask = 2147483647;
			files = (
			);
			runOnlyForDeploymentPostprocessing = 0;
		};
/* End PBXResourcesBuildPhase section */

/* Begin PBXSourcesBuildPhase section */
		8B2940C81DF1D463004126DC /* Sources */ = {
			isa = PBXSourcesBuildPhase;
			buildActionMask = 2147483647;
			files = (
				8B2940D41DF1D463004126DC /* SecondViewController.swift in Sources */,
				8B2940D01DF1D463004126DC /* AppDelegate.swift in Sources */,
				8B2940D21DF1D463004126DC /* FirstViewController.swift in Sources */,
			);
			runOnlyForDeploymentPostprocessing = 0;
		};
		8B2940DE1DF1D463004126DC /* Sources */ = {
			isa = PBXSourcesBuildPhase;
			buildActionMask = 2147483647;
			files = (
				8B2940E71DF1D463004126DC /* GoTeamTests.swift in Sources */,
			);
			runOnlyForDeploymentPostprocessing = 0;
		};
		8B2940E91DF1D463004126DC /* Sources */ = {
			isa = PBXSourcesBuildPhase;
			buildActionMask = 2147483647;
			files = (
				8B2940F21DF1D463004126DC /* GoTeamUITests.swift in Sources */,
			);
			runOnlyForDeploymentPostprocessing = 0;
		};
/* End PBXSourcesBuildPhase section */

/* Begin PBXTargetDependency section */
		8B2940E41DF1D463004126DC /* PBXTargetDependency */ = {
			isa = PBXTargetDependency;
			target = 8B2940CB1DF1D463004126DC /* GoTeam */;
			targetProxy = 8B2940E31DF1D463004126DC /* PBXContainerItemProxy */;
		};
		8B2940EF1DF1D463004126DC /* PBXTargetDependency */ = {
			isa = PBXTargetDependency;
			target = 8B2940CB1DF1D463004126DC /* GoTeam */;
			targetProxy = 8B2940EE1DF1D463004126DC /* PBXContainerItemProxy */;
		};
/* End PBXTargetDependency section */

/* Begin PBXVariantGroup section */
		8B2940D51DF1D463004126DC /* Main.storyboard */ = {
			isa = PBXVariantGroup;
			children = (
				8B2940D61DF1D463004126DC /* Base */,
			);
			name = Main.storyboard;
			sourceTree = "<group>";
		};
		8B2940DA1DF1D463004126DC /* LaunchScreen.storyboard */ = {
			isa = PBXVariantGroup;
			children = (
				8B2940DB1DF1D463004126DC /* Base */,
			);
			name = LaunchScreen.storyboard;
			sourceTree = "<group>";
		};
/* End PBXVariantGroup section */

/* Begin XCBuildConfiguration section */
		8B2940F41DF1D463004126DC /* Debug */ = {
			isa = XCBuildConfiguration;
			buildSettings = {
				ALWAYS_SEARCH_USER_PATHS = NO;
				CLANG_ANALYZER_NONNULL = YES;
				CLANG_CXX_LANGUAGE_STANDARD = "gnu++0x";
				CLANG_CXX_LIBRARY = "libc++";
				CLANG_ENABLE_MODULES = YES;
				CLANG_ENABLE_OBJC_ARC = YES;
				CLANG_WARN_BOOL_CONVERSION = YES;
				CLANG_WARN_CONSTANT_CONVERSION = YES;
				CLANG_WARN_DIRECT_OBJC_ISA_USAGE = YES_ERROR;
				CLANG_WARN_DOCUMENTATION_COMMENTS = YES;
				CLANG_WARN_EMPTY_BODY = YES;
				CLANG_WARN_ENUM_CONVERSION = YES;
				CLANG_WARN_INFINITE_RECURSION = YES;
				CLANG_WARN_INT_CONVERSION = YES;
				CLANG_WARN_OBJC_ROOT_CLASS = YES_ERROR;
				CLANG_WARN_SUSPICIOUS_MOVES = YES;
				CLANG_WARN_UNREACHABLE_CODE = YES;
				CLANG_WARN__DUPLICATE_METHOD_MATCH = YES;
				"CODE_SIGN_IDENTITY[sdk=iphoneos*]" = "iPhone Developer";
				COPY_PHASE_STRIP = NO;
				DEBUG_INFORMATION_FORMAT = dwarf;
				ENABLE_STRICT_OBJC_MSGSEND = YES;
				ENABLE_TESTABILITY = YES;
				GCC_C_LANGUAGE_STANDARD = gnu99;
				GCC_DYNAMIC_NO_PIC = NO;
				GCC_NO_COMMON_BLOCKS = YES;
				GCC_OPTIMIZATION_LEVEL = 0;
				GCC_PREPROCESSOR_DEFINITIONS = (
					"DEBUG=1",
					"$(inherited)",
				);
				GCC_WARN_64_TO_32_BIT_CONVERSION = YES;
				GCC_WARN_ABOUT_RETURN_TYPE = YES_ERROR;
				GCC_WARN_UNDECLARED_SELECTOR = YES;
				GCC_WARN_UNINITIALIZED_AUTOS = YES_AGGRESSIVE;
				GCC_WARN_UNUSED_FUNCTION = YES;
				GCC_WARN_UNUSED_VARIABLE = YES;
				IPHONEOS_DEPLOYMENT_TARGET = 10.1;
				MTL_ENABLE_DEBUG_INFO = YES;
				ONLY_ACTIVE_ARCH = YES;
				SDKROOT = iphoneos;
				SWIFT_ACTIVE_COMPILATION_CONDITIONS = DEBUG;
				SWIFT_OPTIMIZATION_LEVEL = "-Onone";
				TARGETED_DEVICE_FAMILY = "1,2";
			};
			name = Debug;
		};
		8B2940F51DF1D463004126DC /* Release */ = {
			isa = XCBuildConfiguration;
			buildSettings = {
				ALWAYS_SEARCH_USER_PATHS = NO;
				CLANG_ANALYZER_NONNULL = YES;
				CLANG_CXX_LANGUAGE_STANDARD = "gnu++0x";
				CLANG_CXX_LIBRARY = "libc++";
				CLANG_ENABLE_MODULES = YES;
				CLANG_ENABLE_OBJC_ARC = YES;
				CLANG_WARN_BOOL_CONVERSION = YES;
				CLANG_WARN_CONSTANT_CONVERSION = YES;
				CLANG_WARN_DIRECT_OBJC_ISA_USAGE = YES_ERROR;
				CLANG_WARN_DOCUMENTATION_COMMENTS = YES;
				CLANG_WARN_EMPTY_BODY = YES;
				CLANG_WARN_ENUM_CONVERSION = YES;
				CLANG_WARN_INFINITE_RECURSION = YES;
				CLANG_WARN_INT_CONVERSION = YES;
				CLANG_WARN_OBJC_ROOT_CLASS = YES_ERROR;
				CLANG_WARN_SUSPICIOUS_MOVES = YES;
				CLANG_WARN_UNREACHABLE_CODE = YES;
				CLANG_WARN__DUPLICATE_METHOD_MATCH = YES;
				"CODE_SIGN_IDENTITY[sdk=iphoneos*]" = "iPhone Developer";
				COPY_PHASE_STRIP = NO;
				DEBUG_INFORMATION_FORMAT = "dwarf-with-dsym";
				ENABLE_NS_ASSERTIONS = NO;
				ENABLE_STRICT_OBJC_MSGSEND = YES;
				GCC_C_LANGUAGE_STANDARD = gnu99;
				GCC_NO_COMMON_BLOCKS = YES;
				GCC_WARN_64_TO_32_BIT_CONVERSION = YES;
				GCC_WARN_ABOUT_RETURN_TYPE = YES_ERROR;
				GCC_WARN_UNDECLARED_SELECTOR = YES;
				GCC_WARN_UNINITIALIZED_AUTOS = YES_AGGRESSIVE;
				GCC_WARN_UNUSED_FUNCTION = YES;
				GCC_WARN_UNUSED_VARIABLE = YES;
				IPHONEOS_DEPLOYMENT_TARGET = 10.1;
				MTL_ENABLE_DEBUG_INFO = NO;
				SDKROOT = iphoneos;
				SWIFT_OPTIMIZATION_LEVEL = "-Owholemodule";
				TARGETED_DEVICE_FAMILY = "1,2";
				VALIDATE_PRODUCT = YES;
			};
			name = Release;
		};
		8B2940F71DF1D463004126DC /* Debug */ = {
			isa = XCBuildConfiguration;
			buildSettings = {
				ASSETCATALOG_COMPILER_APPICON_NAME = AppIcon;
				DEVELOPMENT_TEAM = TLZS7VN555;
				INFOPLIST_FILE = GoTeam/Info.plist;
				LD_RUNPATH_SEARCH_PATHS = "$(inherited) @executable_path/Frameworks";
				PRODUCT_BUNDLE_IDENTIFIER = net.buffteks.GoTeam;
				PRODUCT_NAME = "$(TARGET_NAME)";
				SWIFT_VERSION = 3.0;
			};
			name = Debug;
		};
		8B2940F81DF1D463004126DC /* Release */ = {
			isa = XCBuildConfiguration;
			buildSettings = {
				ASSETCATALOG_COMPILER_APPICON_NAME = AppIcon;
				DEVELOPMENT_TEAM = TLZS7VN555;
				INFOPLIST_FILE = GoTeam/Info.plist;
				LD_RUNPATH_SEARCH_PATHS = "$(inherited) @executable_path/Frameworks";
				PRODUCT_BUNDLE_IDENTIFIER = net.buffteks.GoTeam;
				PRODUCT_NAME = "$(TARGET_NAME)";
				SWIFT_VERSION = 3.0;
			};
			name = Release;
		};
		8B2940FA1DF1D463004126DC /* Debug */ = {
			isa = XCBuildConfiguration;
			buildSettings = {
				ALWAYS_EMBED_SWIFT_STANDARD_LIBRARIES = YES;
				BUNDLE_LOADER = "$(TEST_HOST)";
				DEVELOPMENT_TEAM = TLZS7VN555;
				INFOPLIST_FILE = GoTeamTests/Info.plist;
				LD_RUNPATH_SEARCH_PATHS = "$(inherited) @executable_path/Frameworks @loader_path/Frameworks";
				PRODUCT_BUNDLE_IDENTIFIER = net.buffteks.GoTeamTests;
				PRODUCT_NAME = "$(TARGET_NAME)";
				SWIFT_VERSION = 3.0;
				TEST_HOST = "$(BUILT_PRODUCTS_DIR)/GoTeam.app/GoTeam";
			};
			name = Debug;
		};
		8B2940FB1DF1D463004126DC /* Release */ = {
			isa = XCBuildConfiguration;
			buildSettings = {
				ALWAYS_EMBED_SWIFT_STANDARD_LIBRARIES = YES;
				BUNDLE_LOADER = "$(TEST_HOST)";
				DEVELOPMENT_TEAM = TLZS7VN555;
				INFOPLIST_FILE = GoTeamTests/Info.plist;
				LD_RUNPATH_SEARCH_PATHS = "$(inherited) @executable_path/Frameworks @loader_path/Frameworks";
				PRODUCT_BUNDLE_IDENTIFIER = net.buffteks.GoTeamTests;
				PRODUCT_NAME = "$(TARGET_NAME)";
				SWIFT_VERSION = 3.0;
				TEST_HOST = "$(BUILT_PRODUCTS_DIR)/GoTeam.app/GoTeam";
			};
			name = Release;
		};
		8B2940FD1DF1D463004126DC /* Debug */ = {
			isa = XCBuildConfiguration;
			buildSettings = {
				ALWAYS_EMBED_SWIFT_STANDARD_LIBRARIES = YES;
				DEVELOPMENT_TEAM = TLZS7VN555;
				INFOPLIST_FILE = GoTeamUITests/Info.plist;
				LD_RUNPATH_SEARCH_PATHS = "$(inherited) @executable_path/Frameworks @loader_path/Frameworks";
				PRODUCT_BUNDLE_IDENTIFIER = net.buffteks.GoTeamUITests;
				PRODUCT_NAME = "$(TARGET_NAME)";
				SWIFT_VERSION = 3.0;
				TEST_TARGET_NAME = GoTeam;
			};
			name = Debug;
		};
		8B2940FE1DF1D463004126DC /* Release */ = {
			isa = XCBuildConfiguration;
			buildSettings = {
				ALWAYS_EMBED_SWIFT_STANDARD_LIBRARIES = YES;
				DEVELOPMENT_TEAM = TLZS7VN555;
				INFOPLIST_FILE = GoTeamUITests/Info.plist;
				LD_RUNPATH_SEARCH_PATHS = "$(inherited) @executable_path/Frameworks @loader_path/Frameworks";
				PRODUCT_BUNDLE_IDENTIFIER = net.buffteks.GoTeamUITests;
				PRODUCT_NAME = "$(TARGET_NAME)";
				SWIFT_VERSION = 3.0;
				TEST_TARGET_NAME = GoTeam;
			};
			name = Release;
		};
/* End XCBuildConfiguration section */

/* Begin XCConfigurationList section */
		8B2940C71DF1D463004126DC /* Build configuration list for PBXProject "GoTeam" */ = {
			isa = XCConfigurationList;
			buildConfigurations = (
				8B2940F41DF1D463004126DC /* Debug */,
				8B2940F51DF1D463004126DC /* Release */,
			);
			defaultConfigurationIsVisible = 0;
			defaultConfigurationName = Release;
		};
		8B2940F61DF1D463004126DC /* Build configuration list for PBXNativeTarget "GoTeam" */ = {
			isa = XCConfigurationList;
			buildConfigurations = (
				8B2940F71DF1D463004126DC /* Debug */,
				8B2940F81DF1D463004126DC /* Release */,
			);
			defaultConfigurationIsVisible = 0;
		};
		8B2940F91DF1D463004126DC /* Build configuration list for PBXNativeTarget "GoTeamTests" */ = {
			isa = XCConfigurationList;
			buildConfigurations = (
				8B2940FA1DF1D463004126DC /* Debug */,
				8B2940FB1DF1D463004126DC /* Release */,
			);
			defaultConfigurationIsVisible = 0;
		};
		8B2940FC1DF1D463004126DC /* Build configuration list for PBXNativeTarget "GoTeamUITests" */ = {
			isa = XCConfigurationList;
			buildConfigurations = (
				8B2940FD1DF1D463004126DC /* Debug */,
				8B2940FE1DF1D463004126DC /* Release */,
			);
			defaultConfigurationIsVisible = 0;
		};
/* End XCConfigurationList section */
	};
	rootObject = 8B2940C41DF1D463004126DC /* Project object */;
}
